# This file is automatically @generated by Poetry 1.8.4 and should not be changed by hand.

[[package]]
name = "loading_bar"
version = "0.0.0"
description = ""
optional = false
python-versions = "*"
files = []
develop = false

[package.source]
type = "directory"
url = "Python_Scripts/loading_bar"

[metadata]
lock-version = "2.0"
python-versions = "^3.8"
content-hash = "bfd36f662307b09091f28a935b64b689b6ee5a6965ee57aaf3987cf2c102fe0f"
