# This file is automatically @generated by Poetry 1.8.4 and should not be changed by hand.

[[package]]
name = "loading_bar"
version = "0.0.0"
description = ""
optional = false
python-versions = "*"
files = []
develop = false

[package.source]
type = "directory"
url = "../loading_bar"

[metadata]
lock-version = "2.0"
python-versions = "^3.10"
content-hash = "0e366e8b1aa79334f04c4a035b2b8164387e121168619adcdd7692569fc8e744"
